{
  "lockfileVersion": 1,
  "configVersion": 1,
  "workspaces": {
    "": {
      "name": "redirect",
      "dependencies": {
        "@hono/node-server": "^1.19.9",
        "@hono/standard-validator": "^0.2.2",
        "@types/pg": "^8.16.0",
        "hono": "^4.11.9",
        "ioredis": "^5.5.0",
        "kafkajs": "^2.2.4",
        "pg": "^8.18.0",
        "pino": "^10.3.1",
        "yup": "^1.7.1",
      },
      "devDependencies": {
        "@types/bun": "^1.3.9",
        "@types/node": "^25.2.3",
        "pino-pretty": "^13.1.3",
      },
      "peerDependencies": {
        "typescript": "^5",
      },
    },
  },
  "packages": {
    "@hono/node-server": ["@hono/node-server@1.19.9", "", { "peerDependencies": { "hono": "^4" } }, "sha512-vHL6w3ecZsky+8P5MD+eFfaGTyCeOHUIFYMGpQGbrBTSmNNoxv0if69rEZ5giu36weC5saFuznL411gRX7bJDw=="],

    "@hono/standard-validator": ["@hono/standard-validator@0.2.2", "", { "peerDependencies": { "@standard-schema/spec": "^1.0.0", "hono": ">=3.9.0" } }, "sha512-mJ7W84Bt/rSvoIl63Ynew+UZOHAzzRAoAXb3JaWuxAkM/Lzg+ZHTCUiz77KOtn2e623WNN8LkD57Dk0szqUrIw=="],

    "@ioredis/commands": ["@ioredis/commands@1.5.0", "", {}, "sha512-eUgLqrMf8nJkZxT24JvVRrQya1vZkQh8BBeYNwGDqa5I0VUi8ACx7uFvAaLxintokpTenkK6DASvo/bvNbBGow=="],

    "@pinojs/redact": ["@pinojs/redact@0.4.0", "", {}, "sha512-k2ENnmBugE/rzQfEcdWHcCY+/FM3VLzH9cYEsbdsoqrvzAKRhUZeRNhAZvB8OitQJ1TBed3yqWtdjzS6wJKBwg=="],

    "@standard-schema/spec": ["@standard-schema/spec@1.1.0", "", {}, "sha512-l2aFy5jALhniG5HgqrD6jXLi/rUWrKvqN/qJx6yoJsgKhblVd+iqqU4RCXavm/jPityDo5TCvKMnpjKnOriy0w=="],

    "@types/bun": ["@types/bun@1.3.9", "", { "dependencies": { "bun-types": "1.3.9" } }, "sha512-KQ571yULOdWJiMH+RIWIOZ7B2RXQGpL1YQrBtLIV3FqDcCu6FsbFUBwhdKUlCKUpS3PJDsHlJ1QKlpxoVR+xtw=="],

    "@types/node": ["@types/node@25.2.3", "", { "dependencies": { "undici-types": "~7.16.0" } }, "sha512-m0jEgYlYz+mDJZ2+F4v8D1AyQb+QzsNqRuI7xg1VQX/KlKS0qT9r1Mo16yo5F/MtifXFgaofIFsdFMox2SxIbQ=="],

    "@types/pg": ["@types/pg@8.16.0", "", { "dependencies": { "@types/node": "*", "pg-protocol": "*", "pg-types": "^2.2.0" } }, "sha512-RmhMd/wD+CF8Dfo+cVIy3RR5cl8CyfXQ0tGgW6XBL8L4LM/UTEbNXYRbLwU6w+CgrKBNbrQWt4FUtTfaU5jSYQ=="],

    "atomic-sleep": ["atomic-sleep@1.0.0", "", {}, "sha512-kNOjDqAh7px0XWNI+4QbzoiR/nTkHAWNud2uvnJquD1/x5a7EQZMJT0AczqK0Qn67oY/TTQ1LbUKajZpp3I9tQ=="],

    "bun-types": ["bun-types@1.3.9", "", { "dependencies": { "@types/node": "*" } }, "sha512-+UBWWOakIP4Tswh0Bt0QD0alpTY8cb5hvgiYeWCMet9YukHbzuruIEeXC2D7nMJPB12kbh8C7XJykSexEqGKJg=="],

    "cluster-key-slot": ["cluster-key-slot@1.1.2", "", {}, "sha512-RMr0FhtfXemyinomL4hrWcYJxmX6deFdCxpJzhDttxgO1+bcCnkk+9drydLVDmAMG7NE6aN/fl4F7ucU/90gAA=="],

    "colorette": ["colorette@2.0.20", "", {}, "sha512-IfEDxwoWIjkeXL1eXcDiow4UbKjhLdq6/EuSVR9GMN7KVH3r9gQ83e73hsz1Nd1T3ijd5xv1wcWRYO+D6kCI2w=="],

    "dateformat": ["dateformat@4.6.3", "", {}, "sha512-2P0p0pFGzHS5EMnhdxQi7aJN+iMheud0UhG4dlE1DLAlvL8JHjJJTX/CSm4JXwV0Ka5nGk3zC5mcb5bUQUxxMA=="],

    "debug": ["debug@4.4.3", "", { "dependencies": { "ms": "^2.1.3" } }, "sha512-RGwwWnwQvkVfavKVt22FGLw+xYSdzARwm0ru6DhTVA3umU5hZc28V3kO4stgYryrTlLpuvgI9GiijltAjNbcqA=="],

    "denque": ["denque@2.1.0", "", {}, "sha512-HVQE3AAb/pxF8fQAoiqpvg9i3evqug3hoiwakOyZAwJm+6vZehbkYXZ0l4JxS+I3QxM97v5aaRNhj8v5oBhekw=="],

    "end-of-stream": ["end-of-stream@1.4.5", "", { "dependencies": { "once": "^1.4.0" } }, "sha512-ooEGc6HP26xXq/N+GCGOT0JKCLDGrq2bQUZrQ7gyrJiZANJ/8YDTxTpQBXGMn+WbIQXNVpyWymm7KYVICQnyOg=="],

    "fast-copy": ["fast-copy@4.0.2", "", {}, "sha512-ybA6PDXIXOXivLJK/z9e+Otk7ve13I4ckBvGO5I2RRmBU1gMHLVDJYEuJYhGwez7YNlYji2M2DvVU+a9mSFDlw=="],

    "fast-safe-stringify": ["fast-safe-stringify@2.1.1", "", {}, "sha512-W+KJc2dmILlPplD/H4K9l9LcAHAfPtP6BY84uVLXQ6Evcz9Lcg33Y2z1IVblT6xdY54PXYVHEv+0Wpq8Io6zkA=="],

    "help-me": ["help-me@5.0.0", "", {}, "sha512-7xgomUX6ADmcYzFik0HzAxh/73YlKR9bmFzf51CZwR+b6YtzU2m0u49hQCqV6SvlqIqsaxovfwdvbnsw3b/zpg=="],

    "hono": ["hono@4.11.9", "", {}, "sha512-Eaw2YTGM6WOxA6CXbckaEvslr2Ne4NFsKrvc0v97JD5awbmeBLO5w9Ho9L9kmKonrwF9RJlW6BxT1PVv/agBHQ=="],

    "ioredis": ["ioredis@5.9.2", "", { "dependencies": { "@ioredis/commands": "1.5.0", "cluster-key-slot": "^1.1.0", "debug": "^4.3.4", "denque": "^2.1.0", "lodash.defaults": "^4.2.0", "lodash.isarguments": "^3.1.0", "redis-errors": "^1.2.0", "redis-parser": "^3.0.0", "standard-as-callback": "^2.1.0" } }, "sha512-tAAg/72/VxOUW7RQSX1pIxJVucYKcjFjfvj60L57jrZpYCHC3XN0WCQ3sNYL4Gmvv+7GPvTAjc+KSdeNuE8oWQ=="],

    "joycon": ["joycon@3.1.1", "", {}, "sha512-34wB/Y7MW7bzjKRjUKTa46I2Z7eV62Rkhva+KkopW7Qvv/OSWBqvkSY7vusOPrNuZcUG3tApvdVgNB8POj3SPw=="],

    "kafkajs": ["kafkajs@2.2.4", "", {}, "sha512-j/YeapB1vfPT2iOIUn/vxdyKEuhuY2PxMBvf5JWux6iSaukAccrMtXEY/Lb7OvavDhOWME589bpLrEdnVHjfjA=="],

    "lodash.defaults": ["lodash.defaults@4.2.0", "", {}, "sha512-qjxPLHd3r5DnsdGacqOMU6pb/avJzdh9tFX2ymgoZE27BmjXrNy/y4LoaiTeAb+O3gL8AfpJGtqfX/ae2leYYQ=="],

    "lodash.isarguments": ["lodash.isarguments@3.1.0", "", {}, "sha512-chi4NHZlZqZD18a0imDHnZPrDeBbTtVN7GXMwuGdRH9qotxAjYs3aVLKc7zNOG9eddR5Ksd8rvFEBc9SsggPpg=="],

    "minimist": ["minimist@1.2.8", "", {}, "sha512-2yyAR8qBkN3YuheJanUpWC5U3bb5osDywNB8RzDVlDwDHbocAJveqqj1u8+SVD7jkWT4yvsHCpWqqWqAxb0zCA=="],

    "ms": ["ms@2.1.3", "", {}, "sha512-6FlzubTLZG3J2a/NVCAleEhjzq5oxgHyaCU9yYXvcLsvoVaHJq/s5xXI6/XXP6tz7R9xAOtHnSO/tXtF3WRTlA=="],

    "on-exit-leak-free": ["on-exit-leak-free@2.1.2", "", {}, "sha512-0eJJY6hXLGf1udHwfNftBqH+g73EU4B504nZeKpz1sYRKafAghwxEJunB2O7rDZkL4PGfsMVnTXZ2EjibbqcsA=="],

    "once": ["once@1.4.0", "", { "dependencies": { "wrappy": "1" } }, "sha512-lNaJgI+2Q5URQBkccEKHTQOPaXdUxnZZElQTZY0MFUAuaEqe1E+Nyvgdz/aIyNi6Z9MzO5dv1H8n58/GELp3+w=="],

    "pg": ["pg@8.18.0", "", { "dependencies": { "pg-connection-string": "^2.11.0", "pg-pool": "^3.11.0", "pg-protocol": "^1.11.0", "pg-types": "2.2.0", "pgpass": "1.0.5" }, "optionalDependencies": { "pg-cloudflare": "^1.3.0" }, "peerDependencies": { "pg-native": ">=3.0.1" }, "optionalPeers": ["pg-native"] }, "sha512-xqrUDL1b9MbkydY/s+VZ6v+xiMUmOUk7SS9d/1kpyQxoJ6U9AO1oIJyUWVZojbfe5Cc/oluutcgFG4L9RDP1iQ=="],

    "pg-cloudflare": ["pg-cloudflare@1.3.0", "", {}, "sha512-6lswVVSztmHiRtD6I8hw4qP/nDm1EJbKMRhf3HCYaqud7frGysPv7FYJ5noZQdhQtN2xJnimfMtvQq21pdbzyQ=="],

    "pg-connection-string": ["pg-connection-string@2.11.0", "", {}, "sha512-kecgoJwhOpxYU21rZjULrmrBJ698U2RxXofKVzOn5UDj61BPj/qMb7diYUR1nLScCDbrztQFl1TaQZT0t1EtzQ=="],

    "pg-int8": ["pg-int8@1.0.1", "", {}, "sha512-WCtabS6t3c8SkpDBUlb1kjOs7l66xsGdKpIPZsg4wR+B3+u9UAum2odSsF9tnvxg80h4ZxLWMy4pRjOsFIqQpw=="],

    "pg-pool": ["pg-pool@3.11.0", "", { "peerDependencies": { "pg": ">=8.0" } }, "sha512-MJYfvHwtGp870aeusDh+hg9apvOe2zmpZJpyt+BMtzUWlVqbhFmMK6bOBXLBUPd7iRtIF9fZplDc7KrPN3PN7w=="],

    "pg-protocol": ["pg-protocol@1.11.0", "", {}, "sha512-pfsxk2M9M3BuGgDOfuy37VNRRX3jmKgMjcvAcWqNDpZSf4cUmv8HSOl5ViRQFsfARFn0KuUQTgLxVMbNq5NW3g=="],

    "pg-types": ["pg-types@2.2.0", "", { "dependencies": { "pg-int8": "1.0.1", "postgres-array": "~2.0.0", "postgres-bytea": "~1.0.0", "postgres-date": "~1.0.4", "postgres-interval": "^1.1.0" } }, "sha512-qTAAlrEsl8s4OiEQY69wDvcMIdQN6wdz5ojQiOy6YRMuynxenON0O5oCpJI6lshc6scgAY8qvJ2On/p+CXY0GA=="],

    "pgpass": ["pgpass@1.0.5", "", { "dependencies": { "split2": "^4.1.0" } }, "sha512-FdW9r/jQZhSeohs1Z3sI1yxFQNFvMcnmfuj4WBMUTxOrAyLMaTcE1aAMBiTlbMNaXvBCQuVi0R7hd8udDSP7ug=="],

    "pino": ["pino@10.3.1", "", { "dependencies": { "@pinojs/redact": "^0.4.0", "atomic-sleep": "^1.0.0", "on-exit-leak-free": "^2.1.0", "pino-abstract-transport": "^3.0.0", "pino-std-serializers": "^7.0.0", "process-warning": "^5.0.0", "quick-format-unescaped": "^4.0.3", "real-require": "^0.2.0", "safe-stable-stringify": "^2.3.1", "sonic-boom": "^4.0.1", "thread-stream": "^4.0.0" }, "bin": { "pino": "bin.js" } }, "sha512-r34yH/GlQpKZbU1BvFFqOjhISRo1MNx1tWYsYvmj6KIRHSPMT2+yHOEb1SG6NMvRoHRF0a07kCOox/9yakl1vg=="],

    "pino-abstract-transport": ["pino-abstract-transport@3.0.0", "", { "dependencies": { "split2": "^4.0.0" } }, "sha512-wlfUczU+n7Hy/Ha5j9a/gZNy7We5+cXp8YL+X+PG8S0KXxw7n/JXA3c46Y0zQznIJ83URJiwy7Lh56WLokNuxg=="],

    "pino-pretty": ["pino-pretty@13.1.3", "", { "dependencies": { "colorette": "^2.0.7", "dateformat": "^4.6.3", "fast-copy": "^4.0.0", "fast-safe-stringify": "^2.1.1", "help-me": "^5.0.0", "joycon": "^3.1.1", "minimist": "^1.2.6", "on-exit-leak-free": "^2.1.0", "pino-abstract-transport": "^3.0.0", "pump": "^3.0.0", "secure-json-parse": "^4.0.0", "sonic-boom": "^4.0.1", "strip-json-comments": "^5.0.2" }, "bin": { "pino-pretty": "bin.js" } }, "sha512-ttXRkkOz6WWC95KeY9+xxWL6AtImwbyMHrL1mSwqwW9u+vLp/WIElvHvCSDg0xO/Dzrggz1zv3rN5ovTRVowKg=="],

    "pino-std-serializers": ["pino-std-serializers@7.1.0", "", {}, "sha512-BndPH67/JxGExRgiX1dX0w1FvZck5Wa4aal9198SrRhZjH3GxKQUKIBnYJTdj2HDN3UQAS06HlfcSbQj2OHmaw=="],

    "postgres-array": ["postgres-array@2.0.0", "", {}, "sha512-VpZrUqU5A69eQyW2c5CA1jtLecCsN2U/bD6VilrFDWq5+5UIEVO7nazS3TEcHf1zuPYO/sqGvUvW62g86RXZuA=="],

    "postgres-bytea": ["postgres-bytea@1.0.1", "", {}, "sha512-5+5HqXnsZPE65IJZSMkZtURARZelel2oXUEO8rH83VS/hxH5vv1uHquPg5wZs8yMAfdv971IU+kcPUczi7NVBQ=="],

    "postgres-date": ["postgres-date@1.0.7", "", {}, "sha512-suDmjLVQg78nMK2UZ454hAG+OAW+HQPZ6n++TNDUX+L0+uUlLywnoxJKDou51Zm+zTCjrCl0Nq6J9C5hP9vK/Q=="],

    "postgres-interval": ["postgres-interval@1.2.0", "", { "dependencies": { "xtend": "^4.0.0" } }, "sha512-9ZhXKM/rw350N1ovuWHbGxnGh/SNJ4cnxHiM0rxE4VN41wsg8P8zWn9hv/buK00RP4WvlOyr/RBDiptyxVbkZQ=="],

    "process-warning": ["process-warning@5.0.0", "", {}, "sha512-a39t9ApHNx2L4+HBnQKqxxHNs1r7KF+Intd8Q/g1bUh6q0WIp9voPXJ/x0j+ZL45KF1pJd9+q2jLIRMfvEshkA=="],

    "property-expr": ["property-expr@2.0.6", "", {}, "sha512-SVtmxhRE/CGkn3eZY1T6pC8Nln6Fr/lu1mKSgRud0eC73whjGfoAogbn78LkD8aFL0zz3bAFerKSnOl7NlErBA=="],

    "pump": ["pump@3.0.3", "", { "dependencies": { "end-of-stream": "^1.1.0", "once": "^1.3.1" } }, "sha512-todwxLMY7/heScKmntwQG8CXVkWUOdYxIvY2s0VWAAMh/nd8SoYiRaKjlr7+iCs984f2P8zvrfWcDDYVb73NfA=="],

    "quick-format-unescaped": ["quick-format-unescaped@4.0.4", "", {}, "sha512-tYC1Q1hgyRuHgloV/YXs2w15unPVh8qfu/qCTfhTYamaw7fyhumKa2yGpdSo87vY32rIclj+4fWYQXUMs9EHvg=="],

    "real-require": ["real-require@0.2.0", "", {}, "sha512-57frrGM/OCTLqLOAh0mhVA9VBMHd+9U7Zb2THMGdBUoZVOtGbJzjxsYGDJ3A9AYYCP4hn6y1TVbaOfzWtm5GFg=="],

    "redis-errors": ["redis-errors@1.2.0", "", {}, "sha512-1qny3OExCf0UvUV/5wpYKf2YwPcOqXzkwKKSmKHiE6ZMQs5heeE/c8eXK+PNllPvmjgAbfnsbpkGZWy8cBpn9w=="],

    "redis-parser": ["redis-parser@3.0.0", "", { "dependencies": { "redis-errors": "^1.0.0" } }, "sha512-DJnGAeenTdpMEH6uAJRK/uiyEIH9WVsUmoLwzudwGJUwZPp80PDBWPHXSAGNPwNvIXAbe7MSUB1zQFugFml66A=="],

    "safe-stable-stringify": ["safe-stable-stringify@2.5.0", "", {}, "sha512-b3rppTKm9T+PsVCBEOUR46GWI7fdOs00VKZ1+9c1EWDaDMvjQc6tUwuFyIprgGgTcWoVHSKrU8H31ZHA2e0RHA=="],

    "secure-json-parse": ["secure-json-parse@4.1.0", "", {}, "sha512-l4KnYfEyqYJxDwlNVyRfO2E4NTHfMKAWdUuA8J0yve2Dz/E/PdBepY03RvyJpssIpRFwJoCD55wA+mEDs6ByWA=="],

    "sonic-boom": ["sonic-boom@4.2.1", "", { "dependencies": { "atomic-sleep": "^1.0.0" } }, "sha512-w6AxtubXa2wTXAUsZMMWERrsIRAdrK0Sc+FUytWvYAhBJLyuI4llrMIC1DtlNSdI99EI86KZum2MMq3EAZlF9Q=="],

    "split2": ["split2@4.2.0", "", {}, "sha512-UcjcJOWknrNkF6PLX83qcHM6KHgVKNkV62Y8a5uYDVv9ydGQVwAHMKqHdJje1VTWpljG0WYpCDhrCdAOYH4TWg=="],

    "standard-as-callback": ["standard-as-callback@2.1.0", "", {}, "sha512-qoRRSyROncaz1z0mvYqIE4lCd9p2R90i6GxW3uZv5ucSu8tU7B5HXUP1gG8pVZsYNVaXjk8ClXHPttLyxAL48A=="],

    "strip-json-comments": ["strip-json-comments@5.0.3", "", {}, "sha512-1tB5mhVo7U+ETBKNf92xT4hrQa3pm0MZ0PQvuDnWgAAGHDsfp4lPSpiS6psrSiet87wyGPh9ft6wmhOMQ0hDiw=="],

    "thread-stream": ["thread-stream@4.0.0", "", { "dependencies": { "real-require": "^0.2.0" } }, "sha512-4iMVL6HAINXWf1ZKZjIPcz5wYaOdPhtO8ATvZ+Xqp3BTdaqtAwQkNmKORqcIo5YkQqGXq5cwfswDwMqqQNrpJA=="],

    "tiny-case": ["tiny-case@1.0.3", "", {}, "sha512-Eet/eeMhkO6TX8mnUteS9zgPbUMQa4I6Kkp5ORiBD5476/m+PIRiumP5tmh5ioJpH7k51Kehawy2UDfsnxxY8Q=="],

    "toposort": ["toposort@2.0.2", "", {}, "sha512-0a5EOkAUp8D4moMi2W8ZF8jcga7BgZd91O/yabJCFY8az+XSzeGyTKs0Aoo897iV1Nj6guFq8orWDS96z91oGg=="],

    "type-fest": ["type-fest@2.19.0", "", {}, "sha512-RAH822pAdBgcNMAfWnCBU3CFZcfZ/i1eZjwFU/dsLKumyuuP3niueg2UAukXYF0E2AAoc82ZSSf9J0WQBinzHA=="],

    "typescript": ["typescript@5.9.3", "", { "bin": { "tsc": "bin/tsc", "tsserver": "bin/tsserver" } }, "sha512-jl1vZzPDinLr9eUt3J/t7V6FgNEw9QjvBPdysz9KfQDD41fQrC2Y4vKQdiaUpFT4bXlb1RHhLpp8wtm6M5TgSw=="],

    "undici-types": ["undici-types@7.16.0", "", {}, "sha512-Zz+aZWSj8LE6zoxD+xrjh4VfkIG8Ya6LvYkZqtUQGJPZjYl53ypCaUwWqo7eI0x66KBGeRo+mlBEkMSeSZ38Nw=="],

    "wrappy": ["wrappy@1.0.2", "", {}, "sha512-l4Sp/DRseor9wL6EvV2+TuQn63dMkPjZ/sp9XkghTEbV9KlPS1xUsZ3u7/IQO4wxtcFB4bgpQPRcR3QCvezPcQ=="],

    "xtend": ["xtend@4.0.2", "", {}, "sha512-LKYU1iAXJXUgAXn9URjiu+MWhyUXHsvfp7mcuYm9dSUKK0/CjtrUwFAxD82/mCWbtLsGjFIad0wIsod4zrTAEQ=="],

    "yup": ["yup@1.7.1", "", { "dependencies": { "property-expr": "^2.0.5", "tiny-case": "^1.0.3", "toposort": "^2.0.2", "type-fest": "^2.19.0" } }, "sha512-GKHFX2nXul2/4Dtfxhozv701jLQHdf6J34YDh2cEkpqoo8le5Mg6/LrdseVLrFarmFygZTlfIhHx/QKfb/QWXw=="],
  }
}
